{
    "_readme": [
        "This file locks the dependencies of your project to a known state",
        "Read more about it at https://getcomposer.org/doc/01-basic-usage.md#installing-dependencies",
        "This file is @generated automatically"
    ],
    "content-hash": "a2382562e1eecae2f10bfeb32c3daa9f",
    "packages": [
        {
            "name": "italia/spid-php-lib",
            "version": "dev-master",
            "source": {
                "type": "git",
                "url": "https://github.com/italia/spid-php-lib.git",
                "reference": "b9bbe6f930b7a7628cbbc8f32c91daa655fd6446"
            },
            "dist": {
                "type": "zip",
                "url": "https://api.github.com/repos/italia/spid-php-lib/zipball/b9bbe6f930b7a7628cbbc8f32c91daa655fd6446",
                "reference": "b9bbe6f930b7a7628cbbc8f32c91daa655fd6446",
                "shasum": ""
            },
            "archive": {
                "exclude": [
                    "/example",
                    "/tests"
                ]
            },
            "require": {
                "php": "^7.0",
                "robrichards/xmlseclibs": "^3.0"
            },
            "require-dev": {
                "phpunit/phpunit": "^6.5",
                "squizlabs/php_codesniffer": "^3.3"
            },
            "type": "library",
            "autoload": {
                "psr-4": {
                    "Italia\\Spid\\": "src/"
                }
            },
            "license": [
                "BSD-3-Clause"
            ],
            "authors": [
                {
                    "name": "Lorenzo Cattaneo",
                    "email": "development@lorenzocattaneo.com"
                },
                {
                    "name": "Paolo Greppi",
                    "email": "paolo.greppi@libpf.com"
                }
            ],
            "description": "PHP package for SPID authentication",
            "support": {
                "source": "https://github.com/italia/spid-php-lib/tree/master",
                "issues": "https://github.com/italia/spid-php-lib/issues"
            },
            "time": "2018-09-28T08:14:14+00:00"
        },
        {
            "name": "robrichards/xmlseclibs",
            "version": "3.0.2",
            "source": {
                "type": "git",
                "url": "https://github.com/robrichards/xmlseclibs.git",
                "reference": "1f4de0c0d121922aafd8c62c2a9f5e528830cf38"
            },
            "dist": {
                "type": "zip",
                "url": "https://api.github.com/repos/robrichards/xmlseclibs/zipball/1f4de0c0d121922aafd8c62c2a9f5e528830cf38",
                "reference": "1f4de0c0d121922aafd8c62c2a9f5e528830cf38",
                "shasum": ""
            },
            "require": {
                "ext-openssl": "*",
                "php": ">= 5.4"
            },
            "type": "library",
            "autoload": {
                "psr-4": {
                    "RobRichards\\XMLSecLibs\\": "src"
                }
            },
            "notification-url": "https://packagist.org/downloads/",
            "license": [
                "BSD-3-Clause"
            ],
            "description": "A PHP library for XML Security",
            "homepage": "https://github.com/robrichards/xmlseclibs",
            "keywords": [
                "security",
                "signature",
                "xml",
                "xmldsig"
            ],
            "time": "2018-09-27T13:24:13+00:00"
        }
    ],
    "packages-dev": [],
    "aliases": [
        {
            "alias": "1.0",
            "alias_normalized": "1.0.0.0",
            "version": "9999999-dev",
            "package": "italia/spid-php-lib"
        }
    ],
    "minimum-stability": "dev",
    "stability-flags": {
        "italia/spid-php-lib": 20
    },
    "prefer-stable": false,
    "prefer-lowest": false,
    "platform": {
        "php": ">=7.0"
    },
    "platform-dev": []
}
